
Microsoft Visual Studio Solution File, Format Version 12.00
# Visual Studio Version 17
VisualStudioVersion = 17.6.33829.357
MinimumVisualStudioVersion = 10.0.40219.1
Project("{9A19103F-16F7-4668-BE54-9A1E7A4F7556}") = "abc.player", "abc.player\abc.player.csproj", "{F3A08F05-B9B5-48ED-BDEC-53B6339E41F3}"
EndProject
Project("{9A19103F-16F7-4668-BE54-9A1E7A4F7556}") = "abc.parser.antlr.test", "abc.parser.antlr.test\abc.parser.antlr.test.csproj", "{DD289D5B-5D80-4490-8069-B034A36B5424}"
EndProject
Project("{9A19103F-16F7-4668-BE54-9A1E7A4F7556}") = "abc.parser.antlr", "abc.parser.antlr\abc.parser.antlr.csproj", "{447E77AE-6343-4950-B3FC-DE277D3983A8}"
EndProject
Project("{9A19103F-16F7-4668-BE54-9A1E7A4F7556}") = "abc.parser", "abc.parser\abc.parser.csproj", "{4D223B60-E9F8-4D97-89B3-80F0305FC272}"
EndProject
Project("{9A19103F-16F7-4668-BE54-9A1E7A4F7556}") = "abc.parser.test", "abc.parser.test\abc.parser.test.csproj", "{E9922F3B-5C40-4AD0-AC6A-FBFFC68FDB06}"
EndProject
Project("{2150E333-8FDC-42A3-9474-1A3956D46DE8}") = "Solution Items", "Solution Items", "{6806ACD0-7C1E-40FF-82F6-05AB69598B4B}"
	ProjectSection(SolutionItems) = preProject
		.editorconfig = .editorconfig
	EndProjectSection
EndProject
Global
	GlobalSection(SolutionConfigurationPlatforms) = preSolution
		Debug|Any CPU = Debug|Any CPU
		Release|Any CPU = Release|Any CPU
	EndGlobalSection
	GlobalSection(ProjectConfigurationPlatforms) = postSolution
		{F3A08F05-B9B5-48ED-BDEC-53B6339E41F3}.Debug|Any CPU.ActiveCfg = Debug|Any CPU
		{F3A08F05-B9B5-48ED-BDEC-53B6339E41F3}.Debug|Any CPU.Build.0 = Debug|Any CPU
		{F3A08F05-B9B5-48ED-BDEC-53B6339E41F3}.Release|Any CPU.ActiveCfg = Release|Any CPU
		{F3A08F05-B9B5-48ED-BDEC-53B6339E41F3}.Release|Any CPU.Build.0 = Release|Any CPU
		{DD289D5B-5D80-4490-8069-B034A36B5424}.Debug|Any CPU.ActiveCfg = Debug|Any CPU
		{DD289D5B-5D80-4490-8069-B034A36B5424}.Debug|Any CPU.Build.0 = Debug|Any CPU
		{DD289D5B-5D80-4490-8069-B034A36B5424}.Release|Any CPU.ActiveCfg = Release|Any CPU
		{DD289D5B-5D80-4490-8069-B034A36B5424}.Release|Any CPU.Build.0 = Release|Any CPU
		{447E77AE-6343-4950-B3FC-DE277D3983A8}.Debug|Any CPU.ActiveCfg = Debug|Any CPU
		{447E77AE-6343-4950-B3FC-DE277D3983A8}.Debug|Any CPU.Build.0 = Debug|Any CPU
		{447E77AE-6343-4950-B3FC-DE277D3983A8}.Release|Any CPU.ActiveCfg = Release|Any CPU
		{447E77AE-6343-4950-B3FC-DE277D3983A8}.Release|Any CPU.Build.0 = Release|Any CPU
		{4D223B60-E9F8-4D97-89B3-80F0305FC272}.Debug|Any CPU.ActiveCfg = Debug|Any CPU
		{4D223B60-E9F8-4D97-89B3-80F0305FC272}.Debug|Any CPU.Build.0 = Debug|Any CPU
		{4D223B60-E9F8-4D97-89B3-80F0305FC272}.Release|Any CPU.ActiveCfg = Release|Any CPU
		{4D223B60-E9F8-4D97-89B3-80F0305FC272}.Release|Any CPU.Build.0 = Release|Any CPU
		{E9922F3B-5C40-4AD0-AC6A-FBFFC68FDB06}.Debug|Any CPU.ActiveCfg = Debug|Any CPU
		{E9922F3B-5C40-4AD0-AC6A-FBFFC68FDB06}.Debug|Any CPU.Build.0 = Debug|Any CPU
		{E9922F3B-5C40-4AD0-AC6A-FBFFC68FDB06}.Release|Any CPU.ActiveCfg = Release|Any CPU
		{E9922F3B-5C40-4AD0-AC6A-FBFFC68FDB06}.Release|Any CPU.Build.0 = Release|Any CPU
	EndGlobalSection
	GlobalSection(SolutionProperties) = preSolution
		HideSolutionNode = FALSE
	EndGlobalSection
	GlobalSection(ExtensibilityGlobals) = postSolution
		SolutionGuid = {BA6DD43C-5074-45AC-874C-6DAAE8449F6E}
	EndGlobalSection
EndGlobal
